// !$*UTF8*$!
{
	archiveVersion = 1;
	classes = {
	};
	objectVersion = 55;
	objects = {

/* Begin PBXBuildFile section */
		2C27AE2B2C28BA1200539E19 /* ExchangeRatesApp.swift in Sources */ = {isa = PBXBuildFile; fileRef = 2C27AE2A2C28BA1200539E19 /* ExchangeRatesApp.swift */; };
		2C27AE2D2C28BA1200539E19 /* ContentView.swift in Sources */ = {isa = PBXBuildFile; fileRef = 2C27AE2C2C28BA1200539E19 /* ContentView.swift */; };
		2C27AE2F2C28BA1700539E19 /* Assets.xcassets in Resources */ = {isa = PBXBuildFile; fileRef = 2C27AE2E2C28BA1700539E19 /* Assets.xcassets */; };
		2C27AE322C28BA1700539E19 /* Preview Assets.xcassets in Resources */ = {isa = PBXBuildFile; fileRef = 2C27AE312C28BA1700539E19 /* Preview Assets.xcassets */; };
		2C27AE3C2C28BA1700539E19 /* ExchangeRatesTests.swift in Sources */ = {isa = PBXBuildFile; fileRef = 2C27AE3B2C28BA1700539E19 /* ExchangeRatesTests.swift */; };
		2C27AE462C28BA1700539E19 /* ExchangeRatesUITests.swift in Sources */ = {isa = PBXBuildFile; fileRef = 2C27AE452C28BA1700539E19 /* ExchangeRatesUITests.swift */; };
		2C27AE482C28BA1700539E19 /* ExchangeRatesUITestsLaunchTests.swift in Sources */ = {isa = PBXBuildFile; fileRef = 2C27AE472C28BA1700539E19 /* ExchangeRatesUITestsLaunchTests.swift */; };
		2C27AE572C28BC7C00539E19 /* ViewModel.swift in Sources */ = {isa = PBXBuildFile; fileRef = 2C27AE562C28BC7C00539E19 /* ViewModel.swift */; };
		2C27AE5C2C29847400539E19 /* RESTManager.swift in Sources */ = {isa = PBXBuildFile; fileRef = 2C27AE5B2C29847400539E19 /* RESTManager.swift */; };
		2C27AE5E2C29849C00539E19 /* RESTCache.swift in Sources */ = {isa = PBXBuildFile; fileRef = 2C27AE5D2C29849C00539E19 /* RESTCache.swift */; };
		2C27AE612C29857F00539E19 /* DateFormatter+Extensions.swift in Sources */ = {isa = PBXBuildFile; fileRef = 2C27AE602C29857F00539E19 /* DateFormatter+Extensions.swift */; };
		2C27AE632C29868D00539E19 /* ExchangeRatesTable.swift in Sources */ = {isa = PBXBuildFile; fileRef = 2C27AE622C29868D00539E19 /* ExchangeRatesTable.swift */; };
		2C27AE652C2986A500539E19 /* ExchangeRate.swift in Sources */ = {isa = PBXBuildFile; fileRef = 2C27AE642C2986A500539E19 /* ExchangeRate.swift */; };
		2C27AE692C29E52A00539E19 /* CalendarView in Frameworks */ = {isa = PBXBuildFile; productRef = 2C27AE682C29E52A00539E19 /* CalendarView */; };
/* End PBXBuildFile section */

/* Begin PBXContainerItemProxy section */
		2C27AE382C28BA1700539E19 /* PBXContainerItemProxy */ = {
			isa = PBXContainerItemProxy;
			containerPortal = 2C27AE1F2C28BA1200539E19 /* Project object */;
			proxyType = 1;
			remoteGlobalIDString = 2C27AE262C28BA1200539E19;
			remoteInfo = ExchangeRates;
		};
		2C27AE422C28BA1700539E19 /* PBXContainerItemProxy */ = {
			isa = PBXContainerItemProxy;
			containerPortal = 2C27AE1F2C28BA1200539E19 /* Project object */;
			proxyType = 1;
			remoteGlobalIDString = 2C27AE262C28BA1200539E19;
			remoteInfo = ExchangeRates;
		};
/* End PBXContainerItemProxy section */

/* Begin PBXFileReference section */
		2C27AE272C28BA1200539E19 /* ExchangeRates.app */ = {isa = PBXFileReference; explicitFileType = wrapper.application; includeInIndex = 0; path = ExchangeRates.app; sourceTree = BUILT_PRODUCTS_DIR; };
		2C27AE2A2C28BA1200539E19 /* ExchangeRatesApp.swift */ = {isa = PBXFileReference; lastKnownFileType = sourcecode.swift; path = ExchangeRatesApp.swift; sourceTree = "<group>"; };
		2C27AE2C2C28BA1200539E19 /* ContentView.swift */ = {isa = PBXFileReference; lastKnownFileType = sourcecode.swift; path = ContentView.swift; sourceTree = "<group>"; };
		2C27AE2E2C28BA1700539E19 /* Assets.xcassets */ = {isa = PBXFileReference; lastKnownFileType = folder.assetcatalog; path = Assets.xcassets; sourceTree = "<group>"; };
		2C27AE312C28BA1700539E19 /* Preview Assets.xcassets */ = {isa = PBXFileReference; lastKnownFileType = folder.assetcatalog; path = "Preview Assets.xcassets"; sourceTree = "<group>"; };
		2C27AE372C28BA1700539E19 /* ExchangeRatesTests.xctest */ = {isa = PBXFileReference; explicitFileType = wrapper.cfbundle; includeInIndex = 0; path = ExchangeRatesTests.xctest; sourceTree = BUILT_PRODUCTS_DIR; };
		2C27AE3B2C28BA1700539E19 /* ExchangeRatesTests.swift */ = {isa = PBXFileReference; lastKnownFileType = sourcecode.swift; path = ExchangeRatesTests.swift; sourceTree = "<group>"; };
		2C27AE412C28BA1700539E19 /* ExchangeRatesUITests.xctest */ = {isa = PBXFileReference; explicitFileType = wrapper.cfbundle; includeInIndex = 0; path = ExchangeRatesUITests.xctest; sourceTree = BUILT_PRODUCTS_DIR; };
		2C27AE452C28BA1700539E19 /* ExchangeRatesUITests.swift */ = {isa = PBXFileReference; lastKnownFileType = sourcecode.swift; path = ExchangeRatesUITests.swift; sourceTree = "<group>"; };
		2C27AE472C28BA1700539E19 /* ExchangeRatesUITestsLaunchTests.swift */ = {isa = PBXFileReference; lastKnownFileType = sourcecode.swift; path = ExchangeRatesUITestsLaunchTests.swift; sourceTree = "<group>"; };
		2C27AE562C28BC7C00539E19 /* ViewModel.swift */ = {isa = PBXFileReference; fileEncoding = 4; lastKnownFileType = sourcecode.swift; path = ViewModel.swift; sourceTree = "<group>"; };
		2C27AE5B2C29847400539E19 /* RESTManager.swift */ = {isa = PBXFileReference; lastKnownFileType = sourcecode.swift; path = RESTManager.swift; sourceTree = "<group>"; };
		2C27AE5D2C29849C00539E19 /* RESTCache.swift */ = {isa = PBXFileReference; lastKnownFileType = sourcecode.swift; path = RESTCache.swift; sourceTree = "<group>"; };
		2C27AE602C29857F00539E19 /* DateFormatter+Extensions.swift */ = {isa = PBXFileReference; lastKnownFileType = sourcecode.swift; path = "DateFormatter+Extensions.swift"; sourceTree = "<group>"; };
		2C27AE622C29868D00539E19 /* ExchangeRatesTable.swift */ = {isa = PBXFileReference; lastKnownFileType = sourcecode.swift; path = ExchangeRatesTable.swift; sourceTree = "<group>"; };
		2C27AE642C2986A500539E19 /* ExchangeRate.swift */ = {isa = PBXFileReference; lastKnownFileType = sourcecode.swift; path = ExchangeRate.swift; sourceTree = "<group>"; };
/* End PBXFileReference section */

/* Begin PBXFrameworksBuildPhase section */
		2C27AE242C28BA1200539E19 /* Frameworks */ = {
			isa = PBXFrameworksBuildPhase;
			buildActionMask = 2147483647;
			files = (
				2C27AE692C29E52A00539E19 /* CalendarView in Frameworks */,
			);
			runOnlyForDeploymentPostprocessing = 0;
		};
		2C27AE342C28BA1700539E19 /* Frameworks */ = {
			isa = PBXFrameworksBuildPhase;
			buildActionMask = 2147483647;
			files = (
			);
			runOnlyForDeploymentPostprocessing = 0;
		};
		2C27AE3E2C28BA1700539E19 /* Frameworks */ = {
			isa = PBXFrameworksBuildPhase;
			buildActionMask = 2147483647;
			files = (
			);
			runOnlyForDeploymentPostprocessing = 0;
		};
/* End PBXFrameworksBuildPhase section */

/* Begin PBXGroup section */
		2C27AE1E2C28BA1200539E19 = {
			isa = PBXGroup;
			children = (
				2C27AE542C28BBFF00539E19 /* Packages */,
				2C27AE292C28BA1200539E19 /* ExchangeRates */,
				2C27AE3A2C28BA1700539E19 /* ExchangeRatesTests */,
				2C27AE442C28BA1700539E19 /* ExchangeRatesUITests */,
				2C27AE282C28BA1200539E19 /* Products */,
				2C27AE582C28BD7700539E19 /* Frameworks */,
			);
			sourceTree = "<group>";
		};
		2C27AE282C28BA1200539E19 /* Products */ = {
			isa = PBXGroup;
			children = (
				2C27AE272C28BA1200539E19 /* ExchangeRates.app */,
				2C27AE372C28BA1700539E19 /* ExchangeRatesTests.xctest */,
				2C27AE412C28BA1700539E19 /* ExchangeRatesUITests.xctest */,
			);
			name = Products;
			sourceTree = "<group>";
		};
		2C27AE292C28BA1200539E19 /* ExchangeRates */ = {
			isa = PBXGroup;
			children = (
				2C27AE2A2C28BA1200539E19 /* ExchangeRatesApp.swift */,
				2C27AE2C2C28BA1200539E19 /* ContentView.swift */,
				2C27AE562C28BC7C00539E19 /* ViewModel.swift */,
				2C27AE5F2C2984DF00539E19 /* REST */,
				2C27AE2E2C28BA1700539E19 /* Assets.xcassets */,
				2C27AE302C28BA1700539E19 /* Preview Content */,
			);
			path = ExchangeRates;
			sourceTree = "<group>";
		};
		2C27AE302C28BA1700539E19 /* Preview Content */ = {
			isa = PBXGroup;
			children = (
				2C27AE312C28BA1700539E19 /* Preview Assets.xcassets */,
			);
			path = "Preview Content";
			sourceTree = "<group>";
		};
		2C27AE3A2C28BA1700539E19 /* ExchangeRatesTests */ = {
			isa = PBXGroup;
			children = (
				2C27AE3B2C28BA1700539E19 /* ExchangeRatesTests.swift */,
			);
			path = ExchangeRatesTests;
			sourceTree = "<group>";
		};
		2C27AE442C28BA1700539E19 /* ExchangeRatesUITests */ = {
			isa = PBXGroup;
			children = (
				2C27AE452C28BA1700539E19 /* ExchangeRatesUITests.swift */,
				2C27AE472C28BA1700539E19 /* ExchangeRatesUITestsLaunchTests.swift */,
			);
			path = ExchangeRatesUITests;
			sourceTree = "<group>";
		};
		2C27AE542C28BBFF00539E19 /* Packages */ = {
			isa = PBXGroup;
			children = (
			);
			name = Packages;
			sourceTree = "<group>";
		};
		2C27AE582C28BD7700539E19 /* Frameworks */ = {
			isa = PBXGroup;
			children = (
			);
			name = Frameworks;
			sourceTree = "<group>";
		};
		2C27AE5F2C2984DF00539E19 /* REST */ = {
			isa = PBXGroup;
			children = (
				2C27AE602C29857F00539E19 /* DateFormatter+Extensions.swift */,
				2C27AE5D2C29849C00539E19 /* RESTCache.swift */,
				2C27AE5B2C29847400539E19 /* RESTManager.swift */,
				2C27AE662C2986CD00539E19 /* JSON */,
			);
			path = REST;
			sourceTree = "<group>";
		};
		2C27AE662C2986CD00539E19 /* JSON */ = {
			isa = PBXGroup;
			children = (
				2C27AE622C29868D00539E19 /* ExchangeRatesTable.swift */,
				2C27AE642C2986A500539E19 /* ExchangeRate.swift */,
			);
			path = JSON;
			sourceTree = "<group>";
		};
/* End PBXGroup section */

/* Begin PBXNativeTarget section */
		2C27AE262C28BA1200539E19 /* ExchangeRates */ = {
			isa = PBXNativeTarget;
			buildConfigurationList = 2C27AE4B2C28BA1700539E19 /* Build configuration list for PBXNativeTarget "ExchangeRates" */;
			buildPhases = (
				2C27AE232C28BA1200539E19 /* Sources */,
				2C27AE242C28BA1200539E19 /* Frameworks */,
				2C27AE252C28BA1200539E19 /* Resources */,
			);
			buildRules = (
			);
			dependencies = (
			);
			name = ExchangeRates;
			packageProductDependencies = (
				2C27AE682C29E52A00539E19 /* CalendarView */,
			);
			productName = ExchangeRates;
			productReference = 2C27AE272C28BA1200539E19 /* ExchangeRates.app */;
			productType = "com.apple.product-type.application";
		};
		2C27AE362C28BA1700539E19 /* ExchangeRatesTests */ = {
			isa = PBXNativeTarget;
			buildConfigurationList = 2C27AE4E2C28BA1700539E19 /* Build configuration list for PBXNativeTarget "ExchangeRatesTests" */;
			buildPhases = (
				2C27AE332C28BA1700539E19 /* Sources */,
				2C27AE342C28BA1700539E19 /* Frameworks */,
				2C27AE352C28BA1700539E19 /* Resources */,
			);
			buildRules = (
			);
			dependencies = (
				2C27AE392C28BA1700539E19 /* PBXTargetDependency */,
			);
			name = ExchangeRatesTests;
			productName = ExchangeRatesTests;
			productReference = 2C27AE372C28BA1700539E19 /* ExchangeRatesTests.xctest */;
			productType = "com.apple.product-type.bundle.unit-test";
		};
		2C27AE402C28BA1700539E19 /* ExchangeRatesUITests */ = {
			isa = PBXNativeTarget;
			buildConfigurationList = 2C27AE512C28BA1700539E19 /* Build configuration list for PBXNativeTarget "ExchangeRatesUITests" */;
			buildPhases = (
				2C27AE3D2C28BA1700539E19 /* Sources */,
				2C27AE3E2C28BA1700539E19 /* Frameworks */,
				2C27AE3F2C28BA1700539E19 /* Resources */,
			);
			buildRules = (
			);
			dependencies = (
				2C27AE432C28BA1700539E19 /* PBXTargetDependency */,
			);
			name = ExchangeRatesUITests;
			productName = ExchangeRatesUITests;
			productReference = 2C27AE412C28BA1700539E19 /* ExchangeRatesUITests.xctest */;
			productType = "com.apple.product-type.bundle.ui-testing";
		};
/* End PBXNativeTarget section */

/* Begin PBXProject section */
		2C27AE1F2C28BA1200539E19 /* Project object */ = {
			isa = PBXProject;
			attributes = {
				BuildIndependentTargetsInParallel = 1;
				LastSwiftUpdateCheck = 1320;
				LastUpgradeCheck = 1320;
				TargetAttributes = {
					2C27AE262C28BA1200539E19 = {
						CreatedOnToolsVersion = 13.2.1;
					};
					2C27AE362C28BA1700539E19 = {
						CreatedOnToolsVersion = 13.2.1;
						TestTargetID = 2C27AE262C28BA1200539E19;
					};
					2C27AE402C28BA1700539E19 = {
						CreatedOnToolsVersion = 13.2.1;
						TestTargetID = 2C27AE262C28BA1200539E19;
					};
				};
			};
			buildConfigurationList = 2C27AE222C28BA1200539E19 /* Build configuration list for PBXProject "ExchangeRates" */;
			compatibilityVersion = "Xcode 13.0";
			developmentRegion = en;
			hasScannedForEncodings = 0;
			knownRegions = (
				en,
				Base,
			);
			mainGroup = 2C27AE1E2C28BA1200539E19;
			packageReferences = (
				2C27AE672C29E52A00539E19 /* XCRemoteSwiftPackageReference "CalendarView" */,
			);
			productRefGroup = 2C27AE282C28BA1200539E19 /* Products */;
			projectDirPath = "";
			projectRoot = "";
			targets = (
				2C27AE262C28BA1200539E19 /* ExchangeRates */,
				2C27AE362C28BA1700539E19 /* ExchangeRatesTests */,
				2C27AE402C28BA1700539E19 /* ExchangeRatesUITests */,
			);
		};
/* End PBXProject section */

/* Begin PBXResourcesBuildPhase section */
		2C27AE252C28BA1200539E19 /* Resources */ = {
			isa = PBXResourcesBuildPhase;
			buildActionMask = 2147483647;
			files = (
				2C27AE322C28BA1700539E19 /* Preview Assets.xcassets in Resources */,
				2C27AE2F2C28BA1700539E19 /* Assets.xcassets in Resources */,
			);
			runOnlyForDeploymentPostprocessing = 0;
		};
		2C27AE352C28BA1700539E19 /* Resources */ = {
			isa = PBXResourcesBuildPhase;
			buildActionMask = 2147483647;
			files = (
			);
			runOnlyForDeploymentPostprocessing = 0;
		};
		2C27AE3F2C28BA1700539E19 /* Resources */ = {
			isa = PBXResourcesBuildPhase;
			buildActionMask = 2147483647;
			files = (
			);
			runOnlyForDeploymentPostprocessing = 0;
		};
/* End PBXResourcesBuildPhase section */

/* Begin PBXSourcesBuildPhase section */
		2C27AE232C28BA1200539E19 /* Sources */ = {
			isa = PBXSourcesBuildPhase;
			buildActionMask = 2147483647;
			files = (
				2C27AE2D2C28BA1200539E19 /* ContentView.swift in Sources */,
				2C27AE5C2C29847400539E19 /* RESTManager.swift in Sources */,
				2C27AE632C29868D00539E19 /* ExchangeRatesTable.swift in Sources */,
				2C27AE612C29857F00539E19 /* DateFormatter+Extensions.swift in Sources */,
				2C27AE652C2986A500539E19 /* ExchangeRate.swift in Sources */,
				2C27AE572C28BC7C00539E19 /* ViewModel.swift in Sources */,
				2C27AE5E2C29849C00539E19 /* RESTCache.swift in Sources */,
				2C27AE2B2C28BA1200539E19 /* ExchangeRatesApp.swift in Sources */,
			);
			runOnlyForDeploymentPostprocessing = 0;
		};
		2C27AE332C28BA1700539E19 /* Sources */ = {
			isa = PBXSourcesBuildPhase;
			buildActionMask = 2147483647;
			files = (
				2C27AE3C2C28BA1700539E19 /* ExchangeRatesTests.swift in Sources */,
			);
			runOnlyForDeploymentPostprocessing = 0;
		};
		2C27AE3D2C28BA1700539E19 /* Sources */ = {
			isa = PBXSourcesBuildPhase;
			buildActionMask = 2147483647;
			files = (
				2C27AE462C28BA1700539E19 /* ExchangeRatesUITests.swift in Sources */,
				2C27AE482C28BA1700539E19 /* ExchangeRatesUITestsLaunchTests.swift in Sources */,
			);
			runOnlyForDeploymentPostprocessing = 0;
		};
/* End PBXSourcesBuildPhase section */

/* Begin PBXTargetDependency section */
		2C27AE392C28BA1700539E19 /* PBXTargetDependency */ = {
			isa = PBXTargetDependency;
			target = 2C27AE262C28BA1200539E19 /* ExchangeRates */;
			targetProxy = 2C27AE382C28BA1700539E19 /* PBXContainerItemProxy */;
		};
		2C27AE432C28BA1700539E19 /* PBXTargetDependency */ = {
			isa = PBXTargetDependency;
			target = 2C27AE262C28BA1200539E19 /* ExchangeRates */;
			targetProxy = 2C27AE422C28BA1700539E19 /* PBXContainerItemProxy */;
		};
/* End PBXTargetDependency section */

/* Begin XCBuildConfiguration section */
		2C27AE492C28BA1700539E19 /* Debug */ = {
			isa = XCBuildConfiguration;
			buildSettings = {
				ALWAYS_SEARCH_USER_PATHS = NO;
				CLANG_ANALYZER_NONNULL = YES;
				CLANG_ANALYZER_NUMBER_OBJECT_CONVERSION = YES_AGGRESSIVE;
				CLANG_CXX_LANGUAGE_STANDARD = "gnu++17";
				CLANG_CXX_LIBRARY = "libc++";
				CLANG_ENABLE_MODULES = YES;
				CLANG_ENABLE_OBJC_ARC = YES;
				CLANG_ENABLE_OBJC_WEAK = YES;
				CLANG_WARN_BLOCK_CAPTURE_AUTORELEASING = YES;
				CLANG_WARN_BOOL_CONVERSION = YES;
				CLANG_WARN_COMMA = YES;
				CLANG_WARN_CONSTANT_CONVERSION = YES;
				CLANG_WARN_DEPRECATED_OBJC_IMPLEMENTATIONS = YES;
				CLANG_WARN_DIRECT_OBJC_ISA_USAGE = YES_ERROR;
				CLANG_WARN_DOCUMENTATION_COMMENTS = YES;
				CLANG_WARN_EMPTY_BODY = YES;
				CLANG_WARN_ENUM_CONVERSION = YES;
				CLANG_WARN_INFINITE_RECURSION = YES;
				CLANG_WARN_INT_CONVERSION = YES;
				CLANG_WARN_NON_LITERAL_NULL_CONVERSION = YES;
				CLANG_WARN_OBJC_IMPLICIT_RETAIN_SELF = YES;
				CLANG_WARN_OBJC_LITERAL_CONVERSION = YES;
				CLANG_WARN_OBJC_ROOT_CLASS = YES_ERROR;
				CLANG_WARN_QUOTED_INCLUDE_IN_FRAMEWORK_HEADER = YES;
				CLANG_WARN_RANGE_LOOP_ANALYSIS = YES;
				CLANG_WARN_STRICT_PROTOTYPES = YES;
				CLANG_WARN_SUSPICIOUS_MOVE = YES;
				CLANG_WARN_UNGUARDED_AVAILABILITY = YES_AGGRESSIVE;
				CLANG_WARN_UNREACHABLE_CODE = YES;
				CLANG_WARN__DUPLICATE_METHOD_MATCH = YES;
				COPY_PHASE_STRIP = NO;
				DEBUG_INFORMATION_FORMAT = dwarf;
				ENABLE_STRICT_OBJC_MSGSEND = YES;
				ENABLE_TESTABILITY = YES;
				GCC_C_LANGUAGE_STANDARD = gnu11;
				GCC_DYNAMIC_NO_PIC = NO;
				GCC_NO_COMMON_BLOCKS = YES;
				GCC_OPTIMIZATION_LEVEL = 0;
				GCC_PREPROCESSOR_DEFINITIONS = (
					"DEBUG=1",
					"$(inherited)",
				);
				GCC_WARN_64_TO_32_BIT_CONVERSION = YES;
				GCC_WARN_ABOUT_RETURN_TYPE = YES_ERROR;
				GCC_WARN_UNDECLARED_SELECTOR = YES;
				GCC_WARN_UNINITIALIZED_AUTOS = YES_AGGRESSIVE;
				GCC_WARN_UNUSED_FUNCTION = YES;
				GCC_WARN_UNUSED_VARIABLE = YES;
				IPHONEOS_DEPLOYMENT_TARGET = 15.2;
				MTL_ENABLE_DEBUG_INFO = INCLUDE_SOURCE;
				MTL_FAST_MATH = YES;
				ONLY_ACTIVE_ARCH = YES;
				SDKROOT = iphoneos;
				SWIFT_ACTIVE_COMPILATION_CONDITIONS = DEBUG;
				SWIFT_OPTIMIZATION_LEVEL = "-Onone";
			};
			name = Debug;
		};
		2C27AE4A2C28BA1700539E19 /* Release */ = {
			isa = XCBuildConfiguration;
			buildSettings = {
				ALWAYS_SEARCH_USER_PATHS = NO;
				CLANG_ANALYZER_NONNULL = YES;
				CLANG_ANALYZER_NUMBER_OBJECT_CONVERSION = YES_AGGRESSIVE;
				CLANG_CXX_LANGUAGE_STANDARD = "gnu++17";
				CLANG_CXX_LIBRARY = "libc++";
				CLANG_ENABLE_MODULES = YES;
				CLANG_ENABLE_OBJC_ARC = YES;
				CLANG_ENABLE_OBJC_WEAK = YES;
				CLANG_WARN_BLOCK_CAPTURE_AUTORELEASING = YES;
				CLANG_WARN_BOOL_CONVERSION = YES;
				CLANG_WARN_COMMA = YES;
				CLANG_WARN_CONSTANT_CONVERSION = YES;
				CLANG_WARN_DEPRECATED_OBJC_IMPLEMENTATIONS = YES;
				CLANG_WARN_DIRECT_OBJC_ISA_USAGE = YES_ERROR;
				CLANG_WARN_DOCUMENTATION_COMMENTS = YES;
				CLANG_WARN_EMPTY_BODY = YES;
				CLANG_WARN_ENUM_CONVERSION = YES;
				CLANG_WARN_INFINITE_RECURSION = YES;
				CLANG_WARN_INT_CONVERSION = YES;
				CLANG_WARN_NON_LITERAL_NULL_CONVERSION = YES;
				CLANG_WARN_OBJC_IMPLICIT_RETAIN_SELF = YES;
				CLANG_WARN_OBJC_LITERAL_CONVERSION = YES;
				CLANG_WARN_OBJC_ROOT_CLASS = YES_ERROR;
				CLANG_WARN_QUOTED_INCLUDE_IN_FRAMEWORK_HEADER = YES;
				CLANG_WARN_RANGE_LOOP_ANALYSIS = YES;
				CLANG_WARN_STRICT_PROTOTYPES = YES;
				CLANG_WARN_SUSPICIOUS_MOVE = YES;
				CLANG_WARN_UNGUARDED_AVAILABILITY = YES_AGGRESSIVE;
				CLANG_WARN_UNREACHABLE_CODE = YES;
				CLANG_WARN__DUPLICATE_METHOD_MATCH = YES;
				COPY_PHASE_STRIP = NO;
				DEBUG_INFORMATION_FORMAT = "dwarf-with-dsym";
				ENABLE_NS_ASSERTIONS = NO;
				ENABLE_STRICT_OBJC_MSGSEND = YES;
				GCC_C_LANGUAGE_STANDARD = gnu11;
				GCC_NO_COMMON_BLOCKS = YES;
				GCC_WARN_64_TO_32_BIT_CONVERSION = YES;
				GCC_WARN_ABOUT_RETURN_TYPE = YES_ERROR;
				GCC_WARN_UNDECLARED_SELECTOR = YES;
				GCC_WARN_UNINITIALIZED_AUTOS = YES_AGGRESSIVE;
				GCC_WARN_UNUSED_FUNCTION = YES;
				GCC_WARN_UNUSED_VARIABLE = YES;
				IPHONEOS_DEPLOYMENT_TARGET = 15.2;
				MTL_ENABLE_DEBUG_INFO = NO;
				MTL_FAST_MATH = YES;
				SDKROOT = iphoneos;
				SWIFT_COMPILATION_MODE = wholemodule;
				SWIFT_OPTIMIZATION_LEVEL = "-O";
				VALIDATE_PRODUCT = YES;
			};
			name = Release;
		};
		2C27AE4C2C28BA1700539E19 /* Debug */ = {
			isa = XCBuildConfiguration;
			buildSettings = {
				ASSETCATALOG_COMPILER_APPICON_NAME = AppIcon;
				ASSETCATALOG_COMPILER_GLOBAL_ACCENT_COLOR_NAME = AccentColor;
				CODE_SIGN_STYLE = Automatic;
				CURRENT_PROJECT_VERSION = 1;
				DEVELOPMENT_ASSET_PATHS = "\"ExchangeRates/Preview Content\"";
				DEVELOPMENT_TEAM = 4H9CRYQQ86;
				ENABLE_PREVIEWS = YES;
				GENERATE_INFOPLIST_FILE = YES;
				INFOPLIST_KEY_UIApplicationSceneManifest_Generation = YES;
				INFOPLIST_KEY_UIApplicationSupportsIndirectInputEvents = YES;
				INFOPLIST_KEY_UILaunchScreen_Generation = YES;
				INFOPLIST_KEY_UISupportedInterfaceOrientations_iPad = "UIInterfaceOrientationPortrait UIInterfaceOrientationPortraitUpsideDown";
				INFOPLIST_KEY_UISupportedInterfaceOrientations_iPhone = UIInterfaceOrientationPortrait;
				LD_RUNPATH_SEARCH_PATHS = (
					"$(inherited)",
					"@executable_path/Frameworks",
				);
				MARKETING_VERSION = 1.0;
				PRODUCT_BUNDLE_IDENTIFIER = pl.bakeleet.ExchangeRates;
				PRODUCT_NAME = "$(TARGET_NAME)";
				SWIFT_EMIT_LOC_STRINGS = YES;
				SWIFT_VERSION = 5.0;
				TARGETED_DEVICE_FAMILY = "1,2";
			};
			name = Debug;
		};
		2C27AE4D2C28BA1700539E19 /* Release */ = {
			isa = XCBuildConfiguration;
			buildSettings = {
				ASSETCATALOG_COMPILER_APPICON_NAME = AppIcon;
				ASSETCATALOG_COMPILER_GLOBAL_ACCENT_COLOR_NAME = AccentColor;
				CODE_SIGN_STYLE = Automatic;
				CURRENT_PROJECT_VERSION = 1;
				DEVELOPMENT_ASSET_PATHS = "\"ExchangeRates/Preview Content\"";
				DEVELOPMENT_TEAM = 4H9CRYQQ86;
				ENABLE_PREVIEWS = YES;
				GENERATE_INFOPLIST_FILE = YES;
				INFOPLIST_KEY_UIApplicationSceneManifest_Generation = YES;
				INFOPLIST_KEY_UIApplicationSupportsIndirectInputEvents = YES;
				INFOPLIST_KEY_UILaunchScreen_Generation = YES;
				INFOPLIST_KEY_UISupportedInterfaceOrientations_iPad = "UIInterfaceOrientationPortrait UIInterfaceOrientationPortraitUpsideDown";
				INFOPLIST_KEY_UISupportedInterfaceOrientations_iPhone = UIInterfaceOrientationPortrait;
				LD_RUNPATH_SEARCH_PATHS = (
					"$(inherited)",
					"@executable_path/Frameworks",
				);
				MARKETING_VERSION = 1.0;
				PRODUCT_BUNDLE_IDENTIFIER = pl.bakeleet.ExchangeRates;
				PRODUCT_NAME = "$(TARGET_NAME)";
				SWIFT_EMIT_LOC_STRINGS = YES;
				SWIFT_VERSION = 5.0;
				TARGETED_DEVICE_FAMILY = "1,2";
			};
			name = Release;
		};
		2C27AE4F2C28BA1700539E19 /* Debug */ = {
			isa = XCBuildConfiguration;
			buildSettings = {
				ALWAYS_EMBED_SWIFT_STANDARD_LIBRARIES = YES;
				BUNDLE_LOADER = "$(TEST_HOST)";
				CODE_SIGN_STYLE = Automatic;
				CURRENT_PROJECT_VERSION = 1;
				DEVELOPMENT_TEAM = 4H9CRYQQ86;
				GENERATE_INFOPLIST_FILE = YES;
				IPHONEOS_DEPLOYMENT_TARGET = 15.2;
				MARKETING_VERSION = 1.0;
				PRODUCT_BUNDLE_IDENTIFIER = pl.bakeleet.ExchangeRatesTests;
				PRODUCT_NAME = "$(TARGET_NAME)";
				SWIFT_EMIT_LOC_STRINGS = NO;
				SWIFT_VERSION = 5.0;
				TARGETED_DEVICE_FAMILY = "1,2";
				TEST_HOST = "$(BUILT_PRODUCTS_DIR)/ExchangeRates.app/ExchangeRates";
			};
			name = Debug;
		};
		2C27AE502C28BA1700539E19 /* Release */ = {
			isa = XCBuildConfiguration;
			buildSettings = {
				ALWAYS_EMBED_SWIFT_STANDARD_LIBRARIES = YES;
				BUNDLE_LOADER = "$(TEST_HOST)";
				CODE_SIGN_STYLE = Automatic;
				CURRENT_PROJECT_VERSION = 1;
				DEVELOPMENT_TEAM = 4H9CRYQQ86;
				GENERATE_INFOPLIST_FILE = YES;
				IPHONEOS_DEPLOYMENT_TARGET = 15.2;
				MARKETING_VERSION = 1.0;
				PRODUCT_BUNDLE_IDENTIFIER = pl.bakeleet.ExchangeRatesTests;
				PRODUCT_NAME = "$(TARGET_NAME)";
				SWIFT_EMIT_LOC_STRINGS = NO;
				SWIFT_VERSION = 5.0;
				TARGETED_DEVICE_FAMILY = "1,2";
				TEST_HOST = "$(BUILT_PRODUCTS_DIR)/ExchangeRates.app/ExchangeRates";
			};
			name = Release;
		};
		2C27AE522C28BA1700539E19 /* Debug */ = {
			isa = XCBuildConfiguration;
			buildSettings = {
				ALWAYS_EMBED_SWIFT_STANDARD_LIBRARIES = YES;
				CODE_SIGN_STYLE = Automatic;
				CURRENT_PROJECT_VERSION = 1;
				DEVELOPMENT_TEAM = 4H9CRYQQ86;
				GENERATE_INFOPLIST_FILE = YES;
				MARKETING_VERSION = 1.0;
				PRODUCT_BUNDLE_IDENTIFIER = pl.bakeleet.ExchangeRatesUITests;
				PRODUCT_NAME = "$(TARGET_NAME)";
				SWIFT_EMIT_LOC_STRINGS = NO;
				SWIFT_VERSION = 5.0;
				TARGETED_DEVICE_FAMILY = "1,2";
				TEST_TARGET_NAME = ExchangeRates;
			};
			name = Debug;
		};
		2C27AE532C28BA1700539E19 /* Release */ = {
			isa = XCBuildConfiguration;
			buildSettings = {
				ALWAYS_EMBED_SWIFT_STANDARD_LIBRARIES = YES;
				CODE_SIGN_STYLE = Automatic;
				CURRENT_PROJECT_VERSION = 1;
				DEVELOPMENT_TEAM = 4H9CRYQQ86;
				GENERATE_INFOPLIST_FILE = YES;
				MARKETING_VERSION = 1.0;
				PRODUCT_BUNDLE_IDENTIFIER = pl.bakeleet.ExchangeRatesUITests;
				PRODUCT_NAME = "$(TARGET_NAME)";
				SWIFT_EMIT_LOC_STRINGS = NO;
				SWIFT_VERSION = 5.0;
				TARGETED_DEVICE_FAMILY = "1,2";
				TEST_TARGET_NAME = ExchangeRates;
			};
			name = Release;
		};
/* End XCBuildConfiguration section */

/* Begin XCConfigurationList section */
		2C27AE222C28BA1200539E19 /* Build configuration list for PBXProject "ExchangeRates" */ = {
			isa = XCConfigurationList;
			buildConfigurations = (
				2C27AE492C28BA1700539E19 /* Debug */,
				2C27AE4A2C28BA1700539E19 /* Release */,
			);
			defaultConfigurationIsVisible = 0;
			defaultConfigurationName = Release;
		};
		2C27AE4B2C28BA1700539E19 /* Build configuration list for PBXNativeTarget "ExchangeRates" */ = {
			isa = XCConfigurationList;
			buildConfigurations = (
				2C27AE4C2C28BA1700539E19 /* Debug */,
				2C27AE4D2C28BA1700539E19 /* Release */,
			);
			defaultConfigurationIsVisible = 0;
			defaultConfigurationName = Release;
		};
		2C27AE4E2C28BA1700539E19 /* Build configuration list for PBXNativeTarget "ExchangeRatesTests" */ = {
			isa = XCConfigurationList;
			buildConfigurations = (
				2C27AE4F2C28BA1700539E19 /* Debug */,
				2C27AE502C28BA1700539E19 /* Release */,
			);
			defaultConfigurationIsVisible = 0;
			defaultConfigurationName = Release;
		};
		2C27AE512C28BA1700539E19 /* Build configuration list for PBXNativeTarget "ExchangeRatesUITests" */ = {
			isa = XCConfigurationList;
			buildConfigurations = (
				2C27AE522C28BA1700539E19 /* Debug */,
				2C27AE532C28BA1700539E19 /* Release */,
			);
			defaultConfigurationIsVisible = 0;
			defaultConfigurationName = Release;
		};
/* End XCConfigurationList section */

/* Begin XCRemoteSwiftPackageReference section */
		2C27AE672C29E52A00539E19 /* XCRemoteSwiftPackageReference "CalendarView" */ = {
			isa = XCRemoteSwiftPackageReference;
			repositoryURL = "https://github.com/bakeleet/CalendarView";
			requirement = {
				branch = main;
				kind = branch;
			};
		};
/* End XCRemoteSwiftPackageReference section */

/* Begin XCSwiftPackageProductDependency section */
		2C27AE682C29E52A00539E19 /* CalendarView */ = {
			isa = XCSwiftPackageProductDependency;
			package = 2C27AE672C29E52A00539E19 /* XCRemoteSwiftPackageReference "CalendarView" */;
			productName = CalendarView;
		};
/* End XCSwiftPackageProductDependency section */
	};
	rootObject = 2C27AE1F2C28BA1200539E19 /* Project object */;
}
